
Microsoft Visual Studio Solution File, Format Version 11.00
# Visual Studio 2010
Project("{FAE04EC0-301F-11D3-BF4B-00C04F79EFBC}") = "AlgsImp", "AlgsImp\AlgsImp.csproj", "{1DDA74E5-389F-45B9-9AB5-618C04CD5054}"
EndProject
Project("{8BC9CEB8-8B4A-11D0-8D11-00A0C91BC942}") = "Test", "Test\Test.vcxproj", "{445C5290-E188-441B-9163-679A4423ED32}"
EndProject
Project("{8BC9CEB8-8B4A-11D0-8D11-00A0C91BC942}") = "DataStructure", "DataStructure\DataStructure.vcxproj", "{412C8960-E920-458F-A798-D7727B9E9565}"
EndProject
Project("{8BC9CEB8-8B4A-11D0-8D11-00A0C91BC942}") = "Algorithms", "Algorithms\Algorithms.vcxproj", "{C649084B-1B60-4227-93EB-9659DFB4BD71}"
EndProject
Global
	GlobalSection(SolutionConfigurationPlatforms) = preSolution
		Debug|Mixed Platforms = Debug|Mixed Platforms
		Debug|Win32 = Debug|Win32
		Debug|x86 = Debug|x86
		Release|Mixed Platforms = Release|Mixed Platforms
		Release|Win32 = Release|Win32
		Release|x86 = Release|x86
	EndGlobalSection
	GlobalSection(ProjectConfigurationPlatforms) = postSolution
		{1DDA74E5-389F-45B9-9AB5-618C04CD5054}.Debug|Mixed Platforms.ActiveCfg = Debug|x86
		{1DDA74E5-389F-45B9-9AB5-618C04CD5054}.Debug|Mixed Platforms.Build.0 = Debug|x86
		{1DDA74E5-389F-45B9-9AB5-618C04CD5054}.Debug|Win32.ActiveCfg = Debug|x86
		{1DDA74E5-389F-45B9-9AB5-618C04CD5054}.Debug|x86.ActiveCfg = Debug|x86
		{1DDA74E5-389F-45B9-9AB5-618C04CD5054}.Debug|x86.Build.0 = Debug|x86
		{1DDA74E5-389F-45B9-9AB5-618C04CD5054}.Release|Mixed Platforms.ActiveCfg = Release|x86
		{1DDA74E5-389F-45B9-9AB5-618C04CD5054}.Release|Mixed Platforms.Build.0 = Release|x86
		{1DDA74E5-389F-45B9-9AB5-618C04CD5054}.Release|Win32.ActiveCfg = Release|x86
		{1DDA74E5-389F-45B9-9AB5-618C04CD5054}.Release|x86.ActiveCfg = Release|x86
		{1DDA74E5-389F-45B9-9AB5-618C04CD5054}.Release|x86.Build.0 = Release|x86
		{445C5290-E188-441B-9163-679A4423ED32}.Debug|Mixed Platforms.ActiveCfg = Debug|Win32
		{445C5290-E188-441B-9163-679A4423ED32}.Debug|Mixed Platforms.Build.0 = Debug|Win32
		{445C5290-E188-441B-9163-679A4423ED32}.Debug|Win32.ActiveCfg = Debug|Win32
		{445C5290-E188-441B-9163-679A4423ED32}.Debug|Win32.Build.0 = Debug|Win32
		{445C5290-E188-441B-9163-679A4423ED32}.Debug|x86.ActiveCfg = Debug|Win32
		{445C5290-E188-441B-9163-679A4423ED32}.Release|Mixed Platforms.ActiveCfg = Release|Win32
		{445C5290-E188-441B-9163-679A4423ED32}.Release|Mixed Platforms.Build.0 = Release|Win32
		{445C5290-E188-441B-9163-679A4423ED32}.Release|Win32.ActiveCfg = Release|Win32
		{445C5290-E188-441B-9163-679A4423ED32}.Release|Win32.Build.0 = Release|Win32
		{445C5290-E188-441B-9163-679A4423ED32}.Release|x86.ActiveCfg = Release|Win32
		{412C8960-E920-458F-A798-D7727B9E9565}.Debug|Mixed Platforms.ActiveCfg = Debug|Win32
		{412C8960-E920-458F-A798-D7727B9E9565}.Debug|Mixed Platforms.Build.0 = Debug|Win32
		{412C8960-E920-458F-A798-D7727B9E9565}.Debug|Win32.ActiveCfg = Debug|Win32
		{412C8960-E920-458F-A798-D7727B9E9565}.Debug|Win32.Build.0 = Debug|Win32
		{412C8960-E920-458F-A798-D7727B9E9565}.Debug|x86.ActiveCfg = Debug|Win32
		{412C8960-E920-458F-A798-D7727B9E9565}.Release|Mixed Platforms.ActiveCfg = Release|Win32
		{412C8960-E920-458F-A798-D7727B9E9565}.Release|Mixed Platforms.Build.0 = Release|Win32
		{412C8960-E920-458F-A798-D7727B9E9565}.Release|Win32.ActiveCfg = Release|Win32
		{412C8960-E920-458F-A798-D7727B9E9565}.Release|Win32.Build.0 = Release|Win32
		{412C8960-E920-458F-A798-D7727B9E9565}.Release|x86.ActiveCfg = Release|Win32
		{C649084B-1B60-4227-93EB-9659DFB4BD71}.Debug|Mixed Platforms.ActiveCfg = Debug|Win32
		{C649084B-1B60-4227-93EB-9659DFB4BD71}.Debug|Mixed Platforms.Build.0 = Debug|Win32
		{C649084B-1B60-4227-93EB-9659DFB4BD71}.Debug|Win32.ActiveCfg = Debug|Win32
		{C649084B-1B60-4227-93EB-9659DFB4BD71}.Debug|Win32.Build.0 = Debug|Win32
		{C649084B-1B60-4227-93EB-9659DFB4BD71}.Debug|x86.ActiveCfg = Debug|Win32
		{C649084B-1B60-4227-93EB-9659DFB4BD71}.Release|Mixed Platforms.ActiveCfg = Release|Win32
		{C649084B-1B60-4227-93EB-9659DFB4BD71}.Release|Mixed Platforms.Build.0 = Release|Win32
		{C649084B-1B60-4227-93EB-9659DFB4BD71}.Release|Win32.ActiveCfg = Release|Win32
		{C649084B-1B60-4227-93EB-9659DFB4BD71}.Release|Win32.Build.0 = Release|Win32
		{C649084B-1B60-4227-93EB-9659DFB4BD71}.Release|x86.ActiveCfg = Release|Win32
	EndGlobalSection
	GlobalSection(SolutionProperties) = preSolution
		HideSolutionNode = FALSE
	EndGlobalSection
EndGlobal
