<?xml version="1.0" encoding="utf-8"?>
<Project ToolsVersion="4.0" xmlns="http://schemas.microsoft.com/developer/msbuild/2003">
  <ItemGroup>
    <Filter Include="Source Files">
      <UniqueIdentifier>{4FC737F1-C7A5-4376-A066-2A32D752A2FF}</UniqueIdentifier>
      <Extensions>cpp;c;cc;cxx;def;odl;idl;hpj;bat;asm;asmx</Extensions>
    </Filter>
    <Filter Include="Header Files">
      <UniqueIdentifier>{93995380-89BD-4b04-88EB-625FBE52EBFB}</UniqueIdentifier>
      <Extensions>h;hpp;hxx;hm;inl;inc;xsd</Extensions>
    </Filter>
    <Filter Include="Header Files\Graph">
      <UniqueIdentifier>{be6329d8-8fe0-4181-8383-f8b1b62879e1}</UniqueIdentifier>
    </Filter>
    <Filter Include="Header Files\LinkedList">
      <UniqueIdentifier>{fed69559-c613-4343-8a78-0fda09bc8f38}</UniqueIdentifier>
    </Filter>
    <Filter Include="Header Files\Queue">
      <UniqueIdentifier>{b4ab5c98-4fa1-444b-83d3-e2d22be0a17a}</UniqueIdentifier>
    </Filter>
    <Filter Include="Header Files\Stack">
      <UniqueIdentifier>{4808c565-6d6d-49d5-9a75-6c5dde5bea66}</UniqueIdentifier>
    </Filter>
    <Filter Include="Header Files\Tree">
      <UniqueIdentifier>{8ae6d0ba-3084-49f5-bffb-bd2dac895dfd}</UniqueIdentifier>
    </Filter>
    <Filter Include="Header Files\Vector">
      <UniqueIdentifier>{ee7ee5d0-3277-4406-8cff-c4d3e5d705c2}</UniqueIdentifier>
    </Filter>
    <Filter Include="Header Files\Vector\Resource Files">
      <UniqueIdentifier>{67DA6AB6-F800-4c08-8B7A-83BB121AAD01}</UniqueIdentifier>
      <Extensions>rc;ico;cur;bmp;dlg;rc2;rct;bin;rgs;gif;jpg;jpeg;jpe;resx;tiff;tif;png;wav;mfcribbon-ms</Extensions>
    </Filter>
    <Filter Include="Header Files\Hash">
      <UniqueIdentifier>{0a59bdff-3113-4548-a2a1-6118128cfaa2}</UniqueIdentifier>
    </Filter>
    <Filter Include="Header Files\Heap">
      <UniqueIdentifier>{fdd57aaf-a50d-4141-98cf-82060d4504f9}</UniqueIdentifier>
    </Filter>
  </ItemGroup>
  <ItemGroup>
    <ClCompile Include="main.cpp">
      <Filter>Source Files</Filter>
    </ClCompile>
  </ItemGroup>
  <ItemGroup>
    <ClInclude Include="Graph.h">
      <Filter>Header Files\Graph</Filter>
    </ClInclude>
    <ClInclude Include="LinkedListR.h">
      <Filter>Header Files\LinkedList</Filter>
    </ClInclude>
    <ClInclude Include="LinkedList.h">
      <Filter>Header Files\LinkedList</Filter>
    </ClInclude>
    <ClInclude Include="Stack.h">
      <Filter>Header Files\Stack</Filter>
    </ClInclude>
    <ClInclude Include="Queue.h">
      <Filter>Header Files\Queue</Filter>
    </ClInclude>
    <ClInclude Include="Tree.h">
      <Filter>Header Files\Tree</Filter>
    </ClInclude>
    <ClInclude Include="Vector.h">
      <Filter>Header Files\Vector</Filter>
    </ClInclude>
    <ClInclude Include="MinimumTree.h">
      <Filter>Header Files\Graph</Filter>
    </ClInclude>
    <ClInclude Include="ShortestPath.h">
      <Filter>Header Files\Graph</Filter>
    </ClInclude>
    <ClInclude Include="Base.h">
      <Filter>Header Files</Filter>
    </ClInclude>
    <ClInclude Include="BinaryHeap.h">
      <Filter>Header Files\Heap</Filter>
    </ClInclude>
  </ItemGroup>
</Project>